<?xml version="1.0" encoding="UTF-8" standalone="yes" ?>
<CodeBlocks_project_file>
	<FileVersion major="1" minor="6" />
	<Project>
		<Option title="nagyházi" />
		<Option pch_mode="2" />
		<Option compiler="gcc" />
		<Build>
			<Target title="Debug">
				<Option output="bin/Debug/nagyházi" prefix_auto="1" extension_auto="1" />
				<Option object_output="obj/Debug/" />
				<Option type="1" />
				<Option compiler="gcc" />
				<Compiler>
					<Add option="-g" />
				</Compiler>
			</Target>
			<Target title="Release">
				<Option output="bin/Release/nagyházi" prefix_auto="1" extension_auto="1" />
				<Option object_output="obj/Release/" />
				<Option type="1" />
				<Option compiler="gcc" />
				<Compiler>
					<Add option="-O2" />
				</Compiler>
				<Linker>
					<Add option="-s" />
				</Linker>
			</Target>
		</Build>
		<Compiler>
			<Add option="-Wall" />
		</Compiler>
		<Unit filename="bejegyzesek_kezelese.c">
			<Option compilerVar="CC" />
		</Unit>
		<Unit filename="bejegyzesek_torlese_szerkesztese.c">
			<Option compilerVar="CC" />
		</Unit>
		<Unit filename="datum_parsolasa.c">
			<Option compilerVar="CC" />
		</Unit>
		<Unit filename="debugmalloc.h" />
		<Unit filename="fomenupontok.c">
			<Option compilerVar="CC" />
		</Unit>
		<Unit filename="konyvtar.h" />
		<Unit filename="main.c">
			<Option compilerVar="CC" />
		</Unit>
		<Unit filename="uj_bejegyzes.c">
			<Option compilerVar="CC" />
		</Unit>
		<Unit filename="uj_bejegyzes.h" />
		<Extensions />
	</Project>
</CodeBlocks_project_file>
